
Microsoft Visual Studio Solution File, Format Version 12.00
# Visual Studio Version 17
VisualStudioVersion = 17.8.34525.116
MinimumVisualStudioVersion = 10.0.40219.1
Project("{FAE04EC0-301F-11D3-BF4B-00C04F79EFBC}") = "Api", "Api.csproj", "{2C119D89-51FF-41C5-8094-3A92B7142491}"
EndProject
Global
	GlobalSection(SolutionConfigurationPlatforms) = preSolution
		Debug|Any CPU = Debug|Any CPU
		Release|Any CPU = Release|Any CPU
	EndGlobalSection
	GlobalSection(ProjectConfigurationPlatforms) = postSolution
		{2C119D89-51FF-41C5-8094-3A92B7142491}.Debug|Any CPU.ActiveCfg = Debug|Any CPU
		{2C119D89-51FF-41C5-8094-3A92B7142491}.Debug|Any CPU.Build.0 = Debug|Any CPU
		{2C119D89-51FF-41C5-8094-3A92B7142491}.Release|Any CPU.ActiveCfg = Release|Any CPU
		{2C119D89-51FF-41C5-8094-3A92B7142491}.Release|Any CPU.Build.0 = Release|Any CPU
	EndGlobalSection
	GlobalSection(SolutionProperties) = preSolution
		HideSolutionNode = FALSE
	EndGlobalSection
	GlobalSection(ExtensibilityGlobals) = postSolution
		SolutionGuid = {40CBE105-4B6A-4047-99A0-C78F51FF6886}
	EndGlobalSection
EndGlobal
